
Microsoft Visual Studio Solution File, Format Version 12.00
# Visual Studio Version 17
VisualStudioVersion = 17.0.31903.59
MinimumVisualStudioVersion = 10.0.40219.1
Project("{2150E333-8FDC-42A3-9474-1A3956D46DE8}") = "src", "src", "{F40B0B38-9C23-4910-AE21-E9AE86C8ABEA}"
EndProject
Project("{2150E333-8FDC-42A3-9474-1A3956D46DE8}") = "services", "services", "{B500F105-0332-49D0-912F-DEF73D3EF198}"
EndProject
Project("{2150E333-8FDC-42A3-9474-1A3956D46DE8}") = "Gateway", "Gateway", "{70372E41-914C-4F0D-B710-E55CCD2E0E08}"
EndProject
Project("{2150E333-8FDC-42A3-9474-1A3956D46DE8}") = "ProductService", "ProductService", "{2F5FC66E-A107-4556-A45E-15E748033C4F}"
EndProject
Project("{9A19103F-16F7-4668-BE54-9A1E7A4F7556}") = "Product.Domain", "Product.Domain\Product.Domain.csproj", "{69D6BB41-A0BC-4F0E-9993-D3B206D6CF83}"
EndProject
Project("{9A19103F-16F7-4668-BE54-9A1E7A4F7556}") = "Product.BackgroundTasks", "Product.BackgroundTasks\Product.BackgroundTasks.csproj", "{DE52EA3D-BB77-4392-9829-42FBE3FC708F}"
EndProject
Project("{9A19103F-16F7-4668-BE54-9A1E7A4F7556}") = "Product.Infrastructure", "Product.Infrastructure\Product.Infrastructure.csproj", "{30CA69F3-F161-4E57-AE7E-E2E4D0C9B234}"
EndProject
Project("{2150E333-8FDC-42A3-9474-1A3956D46DE8}") = "OcelotGateway", "OcelotGateway", "{E05635E8-EEF1-4224-838C-795E9CB15BF0}"
EndProject
Project("{9A19103F-16F7-4668-BE54-9A1E7A4F7556}") = "Gateway.API", "Gateway.API\Gateway.API.csproj", "{5E3408A3-B867-4236-AA4A-BE750E0B781F}"
EndProject
Project("{2150E333-8FDC-42A3-9474-1A3956D46DE8}") = "Bus", "Bus", "{CC7A19E6-9609-4883-ACDD-AE2785F96715}"
EndProject
Project("{9A19103F-16F7-4668-BE54-9A1E7A4F7556}") = "Product.Saga", "Product.Saga\Product.Saga.csproj", "{51D513D4-EFBF-4575-AB4E-CFE5F2076E67}"
EndProject
Project("{9A19103F-16F7-4668-BE54-9A1E7A4F7556}") = "Product.API", "Product.API\Product.API.csproj", "{6A7B79ED-B172-4BBC-A6AF-3CA37BACC52B}"
EndProject
Project("{9A19103F-16F7-4668-BE54-9A1E7A4F7556}") = "UserService", "UserService\UserService.csproj", "{B06CBA4A-4387-4EE3-A057-9DC0B01254E6}"
EndProject
Project("{2150E333-8FDC-42A3-9474-1A3956D46DE8}") = "Idenity", "Idenity", "{568F7B09-C855-49A3-9CFF-053282936E3B}"
EndProject
Project("{2150E333-8FDC-42A3-9474-1A3956D46DE8}") = "StockSErvice", "StockSErvice", "{1E2DC81B-5AF6-4522-92A5-B5B426E4EB98}"
EndProject
Project("{FAE04EC0-301F-11D3-BF4B-00C04F79EFBC}") = "StockService.API", "StockService.API\StockService.API.csproj", "{E25857B7-329D-4FAB-A607-7F9B8118D80F}"
EndProject
Project("{FAE04EC0-301F-11D3-BF4B-00C04F79EFBC}") = "StockService.Domain", "StockService.Domain\StockService.Domain.csproj", "{F25D4FDD-8A27-4486-866C-F3386D40D420}"
EndProject
Project("{FAE04EC0-301F-11D3-BF4B-00C04F79EFBC}") = "StockService.Infrasturucture", "StockService.Infrasturucture\StockService.Infrasturucture.csproj", "{18F2414B-4FB1-4E19-BF60-4A9C70A4380B}"
EndProject
Project("{2150E333-8FDC-42A3-9474-1A3956D46DE8}") = "StockService.Test", "StockService.Test", "{47AA478A-06DA-4583-83F4-17E729F978C8}"
EndProject
Project("{2150E333-8FDC-42A3-9474-1A3956D46DE8}") = "CartegoryService", "CartegoryService", "{A6C25DEE-2FC1-49A2-AED1-44282257170B}"
EndProject
Project("{FAE04EC0-301F-11D3-BF4B-00C04F79EFBC}") = "Cartegory.API", "Cartegory.API\Cartegory.API.csproj", "{9705C768-FA6B-4133-956F-F3BC4786A93C}"
EndProject
Project("{FAE04EC0-301F-11D3-BF4B-00C04F79EFBC}") = "Cartegory.Domain", "Cartegory.Domain\Cartegory.Domain.csproj", "{8FF9E684-6848-47AD-B744-9D85776A2716}"
EndProject
Project("{FAE04EC0-301F-11D3-BF4B-00C04F79EFBC}") = "Cartegory.Infrastructure", "Cartegory.Infrastructure\Cartegory.Infrastructure.csproj", "{18930FFD-DB53-4D73-81D5-240CFCB2264B}"
EndProject
Global
	GlobalSection(SolutionConfigurationPlatforms) = preSolution
		Debug|Any CPU = Debug|Any CPU
		Release|Any CPU = Release|Any CPU
	EndGlobalSection
	GlobalSection(ProjectConfigurationPlatforms) = postSolution
		{69D6BB41-A0BC-4F0E-9993-D3B206D6CF83}.Debug|Any CPU.ActiveCfg = Debug|Any CPU
		{69D6BB41-A0BC-4F0E-9993-D3B206D6CF83}.Debug|Any CPU.Build.0 = Debug|Any CPU
		{69D6BB41-A0BC-4F0E-9993-D3B206D6CF83}.Release|Any CPU.ActiveCfg = Release|Any CPU
		{69D6BB41-A0BC-4F0E-9993-D3B206D6CF83}.Release|Any CPU.Build.0 = Release|Any CPU
		{DE52EA3D-BB77-4392-9829-42FBE3FC708F}.Debug|Any CPU.ActiveCfg = Debug|Any CPU
		{DE52EA3D-BB77-4392-9829-42FBE3FC708F}.Debug|Any CPU.Build.0 = Debug|Any CPU
		{DE52EA3D-BB77-4392-9829-42FBE3FC708F}.Release|Any CPU.ActiveCfg = Release|Any CPU
		{DE52EA3D-BB77-4392-9829-42FBE3FC708F}.Release|Any CPU.Build.0 = Release|Any CPU
		{30CA69F3-F161-4E57-AE7E-E2E4D0C9B234}.Debug|Any CPU.ActiveCfg = Debug|Any CPU
		{30CA69F3-F161-4E57-AE7E-E2E4D0C9B234}.Debug|Any CPU.Build.0 = Debug|Any CPU
		{30CA69F3-F161-4E57-AE7E-E2E4D0C9B234}.Release|Any CPU.ActiveCfg = Release|Any CPU
		{30CA69F3-F161-4E57-AE7E-E2E4D0C9B234}.Release|Any CPU.Build.0 = Release|Any CPU
		{5E3408A3-B867-4236-AA4A-BE750E0B781F}.Debug|Any CPU.ActiveCfg = Debug|Any CPU
		{5E3408A3-B867-4236-AA4A-BE750E0B781F}.Debug|Any CPU.Build.0 = Debug|Any CPU
		{5E3408A3-B867-4236-AA4A-BE750E0B781F}.Release|Any CPU.ActiveCfg = Release|Any CPU
		{5E3408A3-B867-4236-AA4A-BE750E0B781F}.Release|Any CPU.Build.0 = Release|Any CPU
		{51D513D4-EFBF-4575-AB4E-CFE5F2076E67}.Debug|Any CPU.ActiveCfg = Debug|Any CPU
		{51D513D4-EFBF-4575-AB4E-CFE5F2076E67}.Debug|Any CPU.Build.0 = Debug|Any CPU
		{51D513D4-EFBF-4575-AB4E-CFE5F2076E67}.Release|Any CPU.ActiveCfg = Release|Any CPU
		{51D513D4-EFBF-4575-AB4E-CFE5F2076E67}.Release|Any CPU.Build.0 = Release|Any CPU
		{6A7B79ED-B172-4BBC-A6AF-3CA37BACC52B}.Debug|Any CPU.ActiveCfg = Debug|Any CPU
		{6A7B79ED-B172-4BBC-A6AF-3CA37BACC52B}.Debug|Any CPU.Build.0 = Debug|Any CPU
		{6A7B79ED-B172-4BBC-A6AF-3CA37BACC52B}.Release|Any CPU.ActiveCfg = Release|Any CPU
		{6A7B79ED-B172-4BBC-A6AF-3CA37BACC52B}.Release|Any CPU.Build.0 = Release|Any CPU
		{B06CBA4A-4387-4EE3-A057-9DC0B01254E6}.Debug|Any CPU.ActiveCfg = Debug|Any CPU
		{B06CBA4A-4387-4EE3-A057-9DC0B01254E6}.Debug|Any CPU.Build.0 = Debug|Any CPU
		{B06CBA4A-4387-4EE3-A057-9DC0B01254E6}.Release|Any CPU.ActiveCfg = Release|Any CPU
		{B06CBA4A-4387-4EE3-A057-9DC0B01254E6}.Release|Any CPU.Build.0 = Release|Any CPU
		{E25857B7-329D-4FAB-A607-7F9B8118D80F}.Debug|Any CPU.ActiveCfg = Debug|Any CPU
		{E25857B7-329D-4FAB-A607-7F9B8118D80F}.Debug|Any CPU.Build.0 = Debug|Any CPU
		{E25857B7-329D-4FAB-A607-7F9B8118D80F}.Release|Any CPU.ActiveCfg = Release|Any CPU
		{E25857B7-329D-4FAB-A607-7F9B8118D80F}.Release|Any CPU.Build.0 = Release|Any CPU
		{F25D4FDD-8A27-4486-866C-F3386D40D420}.Debug|Any CPU.ActiveCfg = Debug|Any CPU
		{F25D4FDD-8A27-4486-866C-F3386D40D420}.Debug|Any CPU.Build.0 = Debug|Any CPU
		{F25D4FDD-8A27-4486-866C-F3386D40D420}.Release|Any CPU.ActiveCfg = Release|Any CPU
		{F25D4FDD-8A27-4486-866C-F3386D40D420}.Release|Any CPU.Build.0 = Release|Any CPU
		{18F2414B-4FB1-4E19-BF60-4A9C70A4380B}.Debug|Any CPU.ActiveCfg = Debug|Any CPU
		{18F2414B-4FB1-4E19-BF60-4A9C70A4380B}.Debug|Any CPU.Build.0 = Debug|Any CPU
		{18F2414B-4FB1-4E19-BF60-4A9C70A4380B}.Release|Any CPU.ActiveCfg = Release|Any CPU
		{18F2414B-4FB1-4E19-BF60-4A9C70A4380B}.Release|Any CPU.Build.0 = Release|Any CPU
		{9705C768-FA6B-4133-956F-F3BC4786A93C}.Debug|Any CPU.ActiveCfg = Debug|Any CPU
		{9705C768-FA6B-4133-956F-F3BC4786A93C}.Debug|Any CPU.Build.0 = Debug|Any CPU
		{9705C768-FA6B-4133-956F-F3BC4786A93C}.Release|Any CPU.ActiveCfg = Release|Any CPU
		{9705C768-FA6B-4133-956F-F3BC4786A93C}.Release|Any CPU.Build.0 = Release|Any CPU
		{8FF9E684-6848-47AD-B744-9D85776A2716}.Debug|Any CPU.ActiveCfg = Debug|Any CPU
		{8FF9E684-6848-47AD-B744-9D85776A2716}.Debug|Any CPU.Build.0 = Debug|Any CPU
		{8FF9E684-6848-47AD-B744-9D85776A2716}.Release|Any CPU.ActiveCfg = Release|Any CPU
		{8FF9E684-6848-47AD-B744-9D85776A2716}.Release|Any CPU.Build.0 = Release|Any CPU
		{18930FFD-DB53-4D73-81D5-240CFCB2264B}.Debug|Any CPU.ActiveCfg = Debug|Any CPU
		{18930FFD-DB53-4D73-81D5-240CFCB2264B}.Debug|Any CPU.Build.0 = Debug|Any CPU
		{18930FFD-DB53-4D73-81D5-240CFCB2264B}.Release|Any CPU.ActiveCfg = Release|Any CPU
		{18930FFD-DB53-4D73-81D5-240CFCB2264B}.Release|Any CPU.Build.0 = Release|Any CPU
	EndGlobalSection
	GlobalSection(SolutionProperties) = preSolution
		HideSolutionNode = FALSE
	EndGlobalSection
	GlobalSection(NestedProjects) = preSolution
		{B500F105-0332-49D0-912F-DEF73D3EF198} = {F40B0B38-9C23-4910-AE21-E9AE86C8ABEA}
		{70372E41-914C-4F0D-B710-E55CCD2E0E08} = {F40B0B38-9C23-4910-AE21-E9AE86C8ABEA}
		{2F5FC66E-A107-4556-A45E-15E748033C4F} = {B500F105-0332-49D0-912F-DEF73D3EF198}
		{69D6BB41-A0BC-4F0E-9993-D3B206D6CF83} = {2F5FC66E-A107-4556-A45E-15E748033C4F}
		{DE52EA3D-BB77-4392-9829-42FBE3FC708F} = {2F5FC66E-A107-4556-A45E-15E748033C4F}
		{30CA69F3-F161-4E57-AE7E-E2E4D0C9B234} = {2F5FC66E-A107-4556-A45E-15E748033C4F}
		{E05635E8-EEF1-4224-838C-795E9CB15BF0} = {70372E41-914C-4F0D-B710-E55CCD2E0E08}
		{5E3408A3-B867-4236-AA4A-BE750E0B781F} = {E05635E8-EEF1-4224-838C-795E9CB15BF0}
		{CC7A19E6-9609-4883-ACDD-AE2785F96715} = {F40B0B38-9C23-4910-AE21-E9AE86C8ABEA}
		{51D513D4-EFBF-4575-AB4E-CFE5F2076E67} = {2F5FC66E-A107-4556-A45E-15E748033C4F}
		{6A7B79ED-B172-4BBC-A6AF-3CA37BACC52B} = {2F5FC66E-A107-4556-A45E-15E748033C4F}
		{B06CBA4A-4387-4EE3-A057-9DC0B01254E6} = {568F7B09-C855-49A3-9CFF-053282936E3B}
		{568F7B09-C855-49A3-9CFF-053282936E3B} = {B500F105-0332-49D0-912F-DEF73D3EF198}
		{1E2DC81B-5AF6-4522-92A5-B5B426E4EB98} = {B500F105-0332-49D0-912F-DEF73D3EF198}
		{E25857B7-329D-4FAB-A607-7F9B8118D80F} = {1E2DC81B-5AF6-4522-92A5-B5B426E4EB98}
		{F25D4FDD-8A27-4486-866C-F3386D40D420} = {1E2DC81B-5AF6-4522-92A5-B5B426E4EB98}
		{18F2414B-4FB1-4E19-BF60-4A9C70A4380B} = {1E2DC81B-5AF6-4522-92A5-B5B426E4EB98}
		{47AA478A-06DA-4583-83F4-17E729F978C8} = {1E2DC81B-5AF6-4522-92A5-B5B426E4EB98}
		{A6C25DEE-2FC1-49A2-AED1-44282257170B} = {B500F105-0332-49D0-912F-DEF73D3EF198}
		{9705C768-FA6B-4133-956F-F3BC4786A93C} = {A6C25DEE-2FC1-49A2-AED1-44282257170B}
		{8FF9E684-6848-47AD-B744-9D85776A2716} = {A6C25DEE-2FC1-49A2-AED1-44282257170B}
		{18930FFD-DB53-4D73-81D5-240CFCB2264B} = {A6C25DEE-2FC1-49A2-AED1-44282257170B}
	EndGlobalSection
	GlobalSection(ExtensibilityGlobals) = postSolution
		SolutionGuid = {9AF9CC6A-9F99-4115-A572-14D6104472AB}
	EndGlobalSection
EndGlobal
