
Microsoft Visual Studio Solution File, Format Version 12.00
# Visual Studio Version 17
VisualStudioVersion = 17.0.31903.59
MinimumVisualStudioVersion = 10.0.40219.1
Project("{2150E333-8FDC-42A3-9474-1A3956D46DE8}") = "src", "src", "{F40B0B38-9C23-4910-AE21-E9AE86C8ABEA}"
EndProject
Project("{2150E333-8FDC-42A3-9474-1A3956D46DE8}") = "services", "services", "{B500F105-0332-49D0-912F-DEF73D3EF198}"
EndProject
Project("{2150E333-8FDC-42A3-9474-1A3956D46DE8}") = "Gateway", "Gateway", "{70372E41-914C-4F0D-B710-E55CCD2E0E08}"
EndProject
Project("{2150E333-8FDC-42A3-9474-1A3956D46DE8}") = "ProductService", "ProductService", "{2F5FC66E-A107-4556-A45E-15E748033C4F}"
EndProject
Project("{9A19103F-16F7-4668-BE54-9A1E7A4F7556}") = "Product.Domain", "Product.Domain\Product.Domain.csproj", "{69D6BB41-A0BC-4F0E-9993-D3B206D6CF83}"
EndProject
Project("{9A19103F-16F7-4668-BE54-9A1E7A4F7556}") = "Product.BackgroundTasks", "Product.BackgroundTasks\Product.BackgroundTasks.csproj", "{DE52EA3D-BB77-4392-9829-42FBE3FC708F}"
EndProject
Project("{9A19103F-16F7-4668-BE54-9A1E7A4F7556}") = "Product.Infrastructure", "Product.Infrastructure\Product.Infrastructure.csproj", "{30CA69F3-F161-4E57-AE7E-E2E4D0C9B234}"
EndProject
Project("{2150E333-8FDC-42A3-9474-1A3956D46DE8}") = "StoreService", "StoreService", "{A1A1FAB1-BD14-486E-9874-82EB28BF7196}"
EndProject
Project("{9A19103F-16F7-4668-BE54-9A1E7A4F7556}") = "Stores.API", "Stores.API\Stores.API.csproj", "{6D8D9632-66C4-4388-AA04-EBCC317BEC89}"
EndProject
Project("{9A19103F-16F7-4668-BE54-9A1E7A4F7556}") = "Stores.Domain", "Stores.Domain\Stores.Domain.csproj", "{3C498853-ADE4-4B82-89D2-345DEEFE9F77}"
EndProject
Project("{9A19103F-16F7-4668-BE54-9A1E7A4F7556}") = "Stores.Infrastructure", "Stores.Infrastructure\Stores.Infrastructure.csproj", "{A1BF198E-FB24-4B59-ABB8-505B21A52F12}"
EndProject
Project("{9A19103F-16F7-4668-BE54-9A1E7A4F7556}") = "Stores.BackgroundTasks", "Stores.BackgroundTasks\Stores.BackgroundTasks.csproj", "{3A6BF68D-7412-436F-B6E5-ED1A5FC40F9D}"
EndProject
Project("{2150E333-8FDC-42A3-9474-1A3956D46DE8}") = "OcelotGateway", "OcelotGateway", "{E05635E8-EEF1-4224-838C-795E9CB15BF0}"
EndProject
Project("{2150E333-8FDC-42A3-9474-1A3956D46DE8}") = "IdentityService", "IdentityService", "{D345F8BB-4E5E-4B08-996C-09BD1FBB20EF}"
EndProject
Project("{9A19103F-16F7-4668-BE54-9A1E7A4F7556}") = "Identity.API", "Identity.API\Identity.API.csproj", "{02947D42-1D2E-479E-9077-576A91BAB040}"
EndProject
Project("{9A19103F-16F7-4668-BE54-9A1E7A4F7556}") = "Gateway.API", "Gateway.API\Gateway.API.csproj", "{5E3408A3-B867-4236-AA4A-BE750E0B781F}"
EndProject
Project("{2150E333-8FDC-42A3-9474-1A3956D46DE8}") = "Bus", "Bus", "{CC7A19E6-9609-4883-ACDD-AE2785F96715}"
EndProject
Project("{9A19103F-16F7-4668-BE54-9A1E7A4F7556}") = "Product.Saga", "Product.Saga\Product.Saga.csproj", "{51D513D4-EFBF-4575-AB4E-CFE5F2076E67}"
EndProject
Project("{FAE04EC0-301F-11D3-BF4B-00C04F79EFBC}") = "Product.API", "Product.API\Product.API.csproj", "{6A7B79ED-B172-4BBC-A6AF-3CA37BACC52B}"
EndProject
Global
	GlobalSection(SolutionConfigurationPlatforms) = preSolution
		Debug|Any CPU = Debug|Any CPU
		Release|Any CPU = Release|Any CPU
	EndGlobalSection
	GlobalSection(ProjectConfigurationPlatforms) = postSolution
		{69D6BB41-A0BC-4F0E-9993-D3B206D6CF83}.Debug|Any CPU.ActiveCfg = Debug|Any CPU
		{69D6BB41-A0BC-4F0E-9993-D3B206D6CF83}.Debug|Any CPU.Build.0 = Debug|Any CPU
		{69D6BB41-A0BC-4F0E-9993-D3B206D6CF83}.Release|Any CPU.ActiveCfg = Release|Any CPU
		{69D6BB41-A0BC-4F0E-9993-D3B206D6CF83}.Release|Any CPU.Build.0 = Release|Any CPU
		{DE52EA3D-BB77-4392-9829-42FBE3FC708F}.Debug|Any CPU.ActiveCfg = Debug|Any CPU
		{DE52EA3D-BB77-4392-9829-42FBE3FC708F}.Debug|Any CPU.Build.0 = Debug|Any CPU
		{DE52EA3D-BB77-4392-9829-42FBE3FC708F}.Release|Any CPU.ActiveCfg = Release|Any CPU
		{DE52EA3D-BB77-4392-9829-42FBE3FC708F}.Release|Any CPU.Build.0 = Release|Any CPU
		{30CA69F3-F161-4E57-AE7E-E2E4D0C9B234}.Debug|Any CPU.ActiveCfg = Debug|Any CPU
		{30CA69F3-F161-4E57-AE7E-E2E4D0C9B234}.Debug|Any CPU.Build.0 = Debug|Any CPU
		{30CA69F3-F161-4E57-AE7E-E2E4D0C9B234}.Release|Any CPU.ActiveCfg = Release|Any CPU
		{30CA69F3-F161-4E57-AE7E-E2E4D0C9B234}.Release|Any CPU.Build.0 = Release|Any CPU
		{6D8D9632-66C4-4388-AA04-EBCC317BEC89}.Debug|Any CPU.ActiveCfg = Debug|Any CPU
		{6D8D9632-66C4-4388-AA04-EBCC317BEC89}.Debug|Any CPU.Build.0 = Debug|Any CPU
		{6D8D9632-66C4-4388-AA04-EBCC317BEC89}.Release|Any CPU.ActiveCfg = Release|Any CPU
		{6D8D9632-66C4-4388-AA04-EBCC317BEC89}.Release|Any CPU.Build.0 = Release|Any CPU
		{3C498853-ADE4-4B82-89D2-345DEEFE9F77}.Debug|Any CPU.ActiveCfg = Debug|Any CPU
		{3C498853-ADE4-4B82-89D2-345DEEFE9F77}.Debug|Any CPU.Build.0 = Debug|Any CPU
		{3C498853-ADE4-4B82-89D2-345DEEFE9F77}.Release|Any CPU.ActiveCfg = Release|Any CPU
		{3C498853-ADE4-4B82-89D2-345DEEFE9F77}.Release|Any CPU.Build.0 = Release|Any CPU
		{A1BF198E-FB24-4B59-ABB8-505B21A52F12}.Debug|Any CPU.ActiveCfg = Debug|Any CPU
		{A1BF198E-FB24-4B59-ABB8-505B21A52F12}.Debug|Any CPU.Build.0 = Debug|Any CPU
		{A1BF198E-FB24-4B59-ABB8-505B21A52F12}.Release|Any CPU.ActiveCfg = Release|Any CPU
		{A1BF198E-FB24-4B59-ABB8-505B21A52F12}.Release|Any CPU.Build.0 = Release|Any CPU
		{3A6BF68D-7412-436F-B6E5-ED1A5FC40F9D}.Debug|Any CPU.ActiveCfg = Debug|Any CPU
		{3A6BF68D-7412-436F-B6E5-ED1A5FC40F9D}.Debug|Any CPU.Build.0 = Debug|Any CPU
		{3A6BF68D-7412-436F-B6E5-ED1A5FC40F9D}.Release|Any CPU.ActiveCfg = Release|Any CPU
		{3A6BF68D-7412-436F-B6E5-ED1A5FC40F9D}.Release|Any CPU.Build.0 = Release|Any CPU
		{02947D42-1D2E-479E-9077-576A91BAB040}.Debug|Any CPU.ActiveCfg = Debug|Any CPU
		{02947D42-1D2E-479E-9077-576A91BAB040}.Debug|Any CPU.Build.0 = Debug|Any CPU
		{02947D42-1D2E-479E-9077-576A91BAB040}.Release|Any CPU.ActiveCfg = Release|Any CPU
		{02947D42-1D2E-479E-9077-576A91BAB040}.Release|Any CPU.Build.0 = Release|Any CPU
		{5E3408A3-B867-4236-AA4A-BE750E0B781F}.Debug|Any CPU.ActiveCfg = Debug|Any CPU
		{5E3408A3-B867-4236-AA4A-BE750E0B781F}.Debug|Any CPU.Build.0 = Debug|Any CPU
		{5E3408A3-B867-4236-AA4A-BE750E0B781F}.Release|Any CPU.ActiveCfg = Release|Any CPU
		{5E3408A3-B867-4236-AA4A-BE750E0B781F}.Release|Any CPU.Build.0 = Release|Any CPU
		{51D513D4-EFBF-4575-AB4E-CFE5F2076E67}.Debug|Any CPU.ActiveCfg = Debug|Any CPU
		{51D513D4-EFBF-4575-AB4E-CFE5F2076E67}.Debug|Any CPU.Build.0 = Debug|Any CPU
		{51D513D4-EFBF-4575-AB4E-CFE5F2076E67}.Release|Any CPU.ActiveCfg = Release|Any CPU
		{51D513D4-EFBF-4575-AB4E-CFE5F2076E67}.Release|Any CPU.Build.0 = Release|Any CPU
		{6A7B79ED-B172-4BBC-A6AF-3CA37BACC52B}.Debug|Any CPU.ActiveCfg = Debug|Any CPU
		{6A7B79ED-B172-4BBC-A6AF-3CA37BACC52B}.Debug|Any CPU.Build.0 = Debug|Any CPU
		{6A7B79ED-B172-4BBC-A6AF-3CA37BACC52B}.Release|Any CPU.ActiveCfg = Release|Any CPU
		{6A7B79ED-B172-4BBC-A6AF-3CA37BACC52B}.Release|Any CPU.Build.0 = Release|Any CPU
	EndGlobalSection
	GlobalSection(SolutionProperties) = preSolution
		HideSolutionNode = FALSE
	EndGlobalSection
	GlobalSection(NestedProjects) = preSolution
		{B500F105-0332-49D0-912F-DEF73D3EF198} = {F40B0B38-9C23-4910-AE21-E9AE86C8ABEA}
		{70372E41-914C-4F0D-B710-E55CCD2E0E08} = {F40B0B38-9C23-4910-AE21-E9AE86C8ABEA}
		{2F5FC66E-A107-4556-A45E-15E748033C4F} = {B500F105-0332-49D0-912F-DEF73D3EF198}
		{69D6BB41-A0BC-4F0E-9993-D3B206D6CF83} = {2F5FC66E-A107-4556-A45E-15E748033C4F}
		{DE52EA3D-BB77-4392-9829-42FBE3FC708F} = {2F5FC66E-A107-4556-A45E-15E748033C4F}
		{30CA69F3-F161-4E57-AE7E-E2E4D0C9B234} = {2F5FC66E-A107-4556-A45E-15E748033C4F}
		{A1A1FAB1-BD14-486E-9874-82EB28BF7196} = {B500F105-0332-49D0-912F-DEF73D3EF198}
		{6D8D9632-66C4-4388-AA04-EBCC317BEC89} = {A1A1FAB1-BD14-486E-9874-82EB28BF7196}
		{3C498853-ADE4-4B82-89D2-345DEEFE9F77} = {A1A1FAB1-BD14-486E-9874-82EB28BF7196}
		{A1BF198E-FB24-4B59-ABB8-505B21A52F12} = {A1A1FAB1-BD14-486E-9874-82EB28BF7196}
		{3A6BF68D-7412-436F-B6E5-ED1A5FC40F9D} = {A1A1FAB1-BD14-486E-9874-82EB28BF7196}
		{E05635E8-EEF1-4224-838C-795E9CB15BF0} = {70372E41-914C-4F0D-B710-E55CCD2E0E08}
		{D345F8BB-4E5E-4B08-996C-09BD1FBB20EF} = {B500F105-0332-49D0-912F-DEF73D3EF198}
		{02947D42-1D2E-479E-9077-576A91BAB040} = {D345F8BB-4E5E-4B08-996C-09BD1FBB20EF}
		{5E3408A3-B867-4236-AA4A-BE750E0B781F} = {E05635E8-EEF1-4224-838C-795E9CB15BF0}
		{CC7A19E6-9609-4883-ACDD-AE2785F96715} = {F40B0B38-9C23-4910-AE21-E9AE86C8ABEA}
		{51D513D4-EFBF-4575-AB4E-CFE5F2076E67} = {2F5FC66E-A107-4556-A45E-15E748033C4F}
		{6A7B79ED-B172-4BBC-A6AF-3CA37BACC52B} = {2F5FC66E-A107-4556-A45E-15E748033C4F}
	EndGlobalSection
	GlobalSection(ExtensibilityGlobals) = postSolution
		SolutionGuid = {9AF9CC6A-9F99-4115-A572-14D6104472AB}
	EndGlobalSection
EndGlobal
